// !$*UTF8*$!
{
	archiveVersion = 1;
	classes = {
	};
	objectVersion = 50;
	objects = {

/* Begin PBXBuildFile section */
		C9549EC3217508AF0005023B /* AppDelegate.swift in Sources */ = {isa = PBXBuildFile; fileRef = C9549EC2217508AF0005023B /* AppDelegate.swift */; };
		C9549EC5217508AF0005023B /* GameListViewController.swift in Sources */ = {isa = PBXBuildFile; fileRef = C9549EC4217508AF0005023B /* GameListViewController.swift */; };
		C9549EC8217508AF0005023B /* Main.storyboard in Resources */ = {isa = PBXBuildFile; fileRef = C9549EC6217508AF0005023B /* Main.storyboard */; };
		C9549ECA217508B00005023B /* Assets.xcassets in Resources */ = {isa = PBXBuildFile; fileRef = C9549EC9217508B00005023B /* Assets.xcassets */; };
		C9549ECD217508B00005023B /* LaunchScreen.storyboard in Resources */ = {isa = PBXBuildFile; fileRef = C9549ECB217508B00005023B /* LaunchScreen.storyboard */; };
		C9549ED5217621780005023B /* Game.swift in Sources */ = {isa = PBXBuildFile; fileRef = C9549ED4217621780005023B /* Game.swift */; };
		C9549EE1217653E50005023B /* GameTableViewCell.swift in Sources */ = {isa = PBXBuildFile; fileRef = C9549EE0217653E50005023B /* GameTableViewCell.swift */; };
		C9549EE3217658DB0005023B /* GameDetails.storyboard in Resources */ = {isa = PBXBuildFile; fileRef = C9549EE2217658DB0005023B /* GameDetails.storyboard */; };
		C9549EE5217658F20005023B /* AddNewStoryboard.storyboard in Resources */ = {isa = PBXBuildFile; fileRef = C9549EE4217658F20005023B /* AddNewStoryboard.storyboard */; };
		C9549EE8217775F70005023B /* AddGameViewController.swift in Sources */ = {isa = PBXBuildFile; fileRef = C9549EE7217775F70005023B /* AddGameViewController.swift */; };
		C9549EEA2177AB440005023B /* GameManager.swift in Sources */ = {isa = PBXBuildFile; fileRef = C9549EE92177AB440005023B /* GameManager.swift */; };
/* End PBXBuildFile section */

/* Begin PBXFileReference section */
		C9549EBF217508AF0005023B /* VideoGameLibraryiOS.app */ = {isa = PBXFileReference; explicitFileType = wrapper.application; includeInIndex = 0; path = VideoGameLibraryiOS.app; sourceTree = BUILT_PRODUCTS_DIR; };
		C9549EC2217508AF0005023B /* AppDelegate.swift */ = {isa = PBXFileReference; lastKnownFileType = sourcecode.swift; path = AppDelegate.swift; sourceTree = "<group>"; };
		C9549EC4217508AF0005023B /* GameListViewController.swift */ = {isa = PBXFileReference; lastKnownFileType = sourcecode.swift; path = GameListViewController.swift; sourceTree = "<group>"; };
		C9549EC7217508AF0005023B /* Base */ = {isa = PBXFileReference; lastKnownFileType = file.storyboard; name = Base; path = Base.lproj/Main.storyboard; sourceTree = "<group>"; };
		C9549EC9217508B00005023B /* Assets.xcassets */ = {isa = PBXFileReference; lastKnownFileType = folder.assetcatalog; path = Assets.xcassets; sourceTree = "<group>"; };
		C9549ECC217508B00005023B /* Base */ = {isa = PBXFileReference; lastKnownFileType = file.storyboard; name = Base; path = Base.lproj/LaunchScreen.storyboard; sourceTree = "<group>"; };
		C9549ECE217508B00005023B /* Info.plist */ = {isa = PBXFileReference; lastKnownFileType = text.plist.xml; path = Info.plist; sourceTree = "<group>"; };
		C9549ED4217621780005023B /* Game.swift */ = {isa = PBXFileReference; lastKnownFileType = sourcecode.swift; path = Game.swift; sourceTree = "<group>"; };
		C9549EE0217653E50005023B /* GameTableViewCell.swift */ = {isa = PBXFileReference; lastKnownFileType = sourcecode.swift; path = GameTableViewCell.swift; sourceTree = "<group>"; };
		C9549EE2217658DB0005023B /* GameDetails.storyboard */ = {isa = PBXFileReference; lastKnownFileType = file.storyboard; path = GameDetails.storyboard; sourceTree = "<group>"; };
		C9549EE4217658F20005023B /* AddNewStoryboard.storyboard */ = {isa = PBXFileReference; lastKnownFileType = file.storyboard; path = AddNewStoryboard.storyboard; sourceTree = "<group>"; };
		C9549EE7217775F70005023B /* AddGameViewController.swift */ = {isa = PBXFileReference; lastKnownFileType = sourcecode.swift; path = AddGameViewController.swift; sourceTree = "<group>"; };
		C9549EE92177AB440005023B /* GameManager.swift */ = {isa = PBXFileReference; lastKnownFileType = sourcecode.swift; path = GameManager.swift; sourceTree = "<group>"; };
/* End PBXFileReference section */

/* Begin PBXFrameworksBuildPhase section */
		C9549EBC217508AF0005023B /* Frameworks */ = {
			isa = PBXFrameworksBuildPhase;
			buildActionMask = 2147483647;
			files = (
			);
			runOnlyForDeploymentPostprocessing = 0;
		};
/* End PBXFrameworksBuildPhase section */

/* Begin PBXGroup section */
		C9549EB6217508AF0005023B = {
			isa = PBXGroup;
			children = (
				C9549EC1217508AF0005023B /* VideoGameLibraryiOS */,
				C9549EC0217508AF0005023B /* Products */,
			);
			sourceTree = "<group>";
		};
		C9549EC0217508AF0005023B /* Products */ = {
			isa = PBXGroup;
			children = (
				C9549EBF217508AF0005023B /* VideoGameLibraryiOS.app */,
			);
			name = Products;
			sourceTree = "<group>";
		};
		C9549EC1217508AF0005023B /* VideoGameLibraryiOS */ = {
			isa = PBXGroup;
			children = (
				C9549EE6217664530005023B /* Data Models */,
				C9549EDF217653740005023B /* Components */,
				C9549ED6217633160005023B /* Utilities */,
				C9549ED7217633280005023B /* Storyboards */,
				C9549ED8217633320005023B /* View Controllers */,
				C9549ECE217508B00005023B /* Info.plist */,
			);
			path = VideoGameLibraryiOS;
			sourceTree = "<group>";
		};
		C9549ED6217633160005023B /* Utilities */ = {
			isa = PBXGroup;
			children = (
				C9549EC2217508AF0005023B /* AppDelegate.swift */,
				C9549EC9217508B00005023B /* Assets.xcassets */,
				C9549EE92177AB440005023B /* GameManager.swift */,
			);
			path = Utilities;
			sourceTree = "<group>";
		};
		C9549ED7217633280005023B /* Storyboards */ = {
			isa = PBXGroup;
			children = (
				C9549EC6217508AF0005023B /* Main.storyboard */,
				C9549ECB217508B00005023B /* LaunchScreen.storyboard */,
				C9549EE4217658F20005023B /* AddNewStoryboard.storyboard */,
				C9549EE2217658DB0005023B /* GameDetails.storyboard */,
			);
			path = Storyboards;
			sourceTree = "<group>";
		};
		C9549ED8217633320005023B /* View Controllers */ = {
			isa = PBXGroup;
			children = (
				C9549EC4217508AF0005023B /* GameListViewController.swift */,
				C9549EE7217775F70005023B /* AddGameViewController.swift */,
			);
			path = "View Controllers";
			sourceTree = "<group>";
		};
		C9549EDF217653740005023B /* Components */ = {
			isa = PBXGroup;
			children = (
				C9549EE0217653E50005023B /* GameTableViewCell.swift */,
			);
			path = Components;
			sourceTree = "<group>";
		};
		C9549EE6217664530005023B /* Data Models */ = {
			isa = PBXGroup;
			children = (
				C9549ED4217621780005023B /* Game.swift */,
			);
			path = "Data Models";
			sourceTree = "<group>";
		};
/* End PBXGroup section */

/* Begin PBXNativeTarget section */
		C9549EBE217508AF0005023B /* VideoGameLibraryiOS */ = {
			isa = PBXNativeTarget;
			buildConfigurationList = C9549ED1217508B00005023B /* Build configuration list for PBXNativeTarget "VideoGameLibraryiOS" */;
			buildPhases = (
				C9549EBB217508AF0005023B /* Sources */,
				C9549EBC217508AF0005023B /* Frameworks */,
				C9549EBD217508AF0005023B /* Resources */,
			);
			buildRules = (
			);
			dependencies = (
			);
			name = VideoGameLibraryiOS;
			productName = VideoGameLibraryiOS;
			productReference = C9549EBF217508AF0005023B /* VideoGameLibraryiOS.app */;
			productType = "com.apple.product-type.application";
		};
/* End PBXNativeTarget section */

/* Begin PBXProject section */
		C9549EB7217508AF0005023B /* Project object */ = {
			isa = PBXProject;
			attributes = {
				LastSwiftUpdateCheck = 1000;
				LastUpgradeCheck = 1000;
				ORGANIZATIONNAME = "Matthew Riley";
				TargetAttributes = {
					C9549EBE217508AF0005023B = {
						CreatedOnToolsVersion = 10.0;
					};
				};
			};
			buildConfigurationList = C9549EBA217508AF0005023B /* Build configuration list for PBXProject "VideoGameLibraryiOS" */;
			compatibilityVersion = "Xcode 9.3";
			developmentRegion = en;
			hasScannedForEncodings = 0;
			knownRegions = (
				en,
				Base,
			);
			mainGroup = C9549EB6217508AF0005023B;
			productRefGroup = C9549EC0217508AF0005023B /* Products */;
			projectDirPath = "";
			projectRoot = "";
			targets = (
				C9549EBE217508AF0005023B /* VideoGameLibraryiOS */,
			);
		};
/* End PBXProject section */

/* Begin PBXResourcesBuildPhase section */
		C9549EBD217508AF0005023B /* Resources */ = {
			isa = PBXResourcesBuildPhase;
			buildActionMask = 2147483647;
			files = (
				C9549ECD217508B00005023B /* LaunchScreen.storyboard in Resources */,
				C9549EE5217658F20005023B /* AddNewStoryboard.storyboard in Resources */,
				C9549EE3217658DB0005023B /* GameDetails.storyboard in Resources */,
				C9549ECA217508B00005023B /* Assets.xcassets in Resources */,
				C9549EC8217508AF0005023B /* Main.storyboard in Resources */,
			);
			runOnlyForDeploymentPostprocessing = 0;
		};
/* End PBXResourcesBuildPhase section */

/* Begin PBXSourcesBuildPhase section */
		C9549EBB217508AF0005023B /* Sources */ = {
			isa = PBXSourcesBuildPhase;
			buildActionMask = 2147483647;
			files = (
				C9549EE8217775F70005023B /* AddGameViewController.swift in Sources */,
				C9549EEA2177AB440005023B /* GameManager.swift in Sources */,
				C9549EC5217508AF0005023B /* GameListViewController.swift in Sources */,
				C9549ED5217621780005023B /* Game.swift in Sources */,
				C9549EC3217508AF0005023B /* AppDelegate.swift in Sources */,
				C9549EE1217653E50005023B /* GameTableViewCell.swift in Sources */,
			);
			runOnlyForDeploymentPostprocessing = 0;
		};
/* End PBXSourcesBuildPhase section */

/* Begin PBXVariantGroup section */
		C9549EC6217508AF0005023B /* Main.storyboard */ = {
			isa = PBXVariantGroup;
			children = (
				C9549EC7217508AF0005023B /* Base */,
			);
			name = Main.storyboard;
			sourceTree = "<group>";
		};
		C9549ECB217508B00005023B /* LaunchScreen.storyboard */ = {
			isa = PBXVariantGroup;
			children = (
				C9549ECC217508B00005023B /* Base */,
			);
			name = LaunchScreen.storyboard;
			sourceTree = "<group>";
		};
/* End PBXVariantGroup section */

/* Begin XCBuildConfiguration section */
		C9549ECF217508B00005023B /* Debug */ = {
			isa = XCBuildConfiguration;
			buildSettings = {
				ALWAYS_SEARCH_USER_PATHS = NO;
				CLANG_ANALYZER_NONNULL = YES;
				CLANG_ANALYZER_NUMBER_OBJECT_CONVERSION = YES_AGGRESSIVE;
				CLANG_CXX_LANGUAGE_STANDARD = "gnu++14";
				CLANG_CXX_LIBRARY = "libc++";
				CLANG_ENABLE_MODULES = YES;
				CLANG_ENABLE_OBJC_ARC = YES;
				CLANG_ENABLE_OBJC_WEAK = YES;
				CLANG_WARN_BLOCK_CAPTURE_AUTORELEASING = YES;
				CLANG_WARN_BOOL_CONVERSION = YES;
				CLANG_WARN_COMMA = YES;
				CLANG_WARN_CONSTANT_CONVERSION = YES;
				CLANG_WARN_DEPRECATED_OBJC_IMPLEMENTATIONS = YES;
				CLANG_WARN_DIRECT_OBJC_ISA_USAGE = YES_ERROR;
				CLANG_WARN_DOCUMENTATION_COMMENTS = YES;
				CLANG_WARN_EMPTY_BODY = YES;
				CLANG_WARN_ENUM_CONVERSION = YES;
				CLANG_WARN_INFINITE_RECURSION = YES;
				CLANG_WARN_INT_CONVERSION = YES;
				CLANG_WARN_NON_LITERAL_NULL_CONVERSION = YES;
				CLANG_WARN_OBJC_IMPLICIT_RETAIN_SELF = YES;
				CLANG_WARN_OBJC_LITERAL_CONVERSION = YES;
				CLANG_WARN_OBJC_ROOT_CLASS = YES_ERROR;
				CLANG_WARN_RANGE_LOOP_ANALYSIS = YES;
				CLANG_WARN_STRICT_PROTOTYPES = YES;
				CLANG_WARN_SUSPICIOUS_MOVE = YES;
				CLANG_WARN_UNGUARDED_AVAILABILITY = YES_AGGRESSIVE;
				CLANG_WARN_UNREACHABLE_CODE = YES;
				CLANG_WARN__DUPLICATE_METHOD_MATCH = YES;
				CODE_SIGN_IDENTITY = "iPhone Developer";
				COPY_PHASE_STRIP = NO;
				DEBUG_INFORMATION_FORMAT = dwarf;
				ENABLE_STRICT_OBJC_MSGSEND = YES;
				ENABLE_TESTABILITY = YES;
				GCC_C_LANGUAGE_STANDARD = gnu11;
				GCC_DYNAMIC_NO_PIC = NO;
				GCC_NO_COMMON_BLOCKS = YES;
				GCC_OPTIMIZATION_LEVEL = 0;
				GCC_PREPROCESSOR_DEFINITIONS = (
					"DEBUG=1",
					"$(inherited)",
				);
				GCC_WARN_64_TO_32_BIT_CONVERSION = YES;
				GCC_WARN_ABOUT_RETURN_TYPE = YES_ERROR;
				GCC_WARN_UNDECLARED_SELECTOR = YES;
				GCC_WARN_UNINITIALIZED_AUTOS = YES_AGGRESSIVE;
				GCC_WARN_UNUSED_FUNCTION = YES;
				GCC_WARN_UNUSED_VARIABLE = YES;
				IPHONEOS_DEPLOYMENT_TARGET = 12.0;
				MTL_ENABLE_DEBUG_INFO = INCLUDE_SOURCE;
				MTL_FAST_MATH = YES;
				ONLY_ACTIVE_ARCH = YES;
				SDKROOT = iphoneos;
				SWIFT_ACTIVE_COMPILATION_CONDITIONS = DEBUG;
				SWIFT_OPTIMIZATION_LEVEL = "-Onone";
			};
			name = Debug;
		};
		C9549ED0217508B00005023B /* Release */ = {
			isa = XCBuildConfiguration;
			buildSettings = {
				ALWAYS_SEARCH_USER_PATHS = NO;
				CLANG_ANALYZER_NONNULL = YES;
				CLANG_ANALYZER_NUMBER_OBJECT_CONVERSION = YES_AGGRESSIVE;
				CLANG_CXX_LANGUAGE_STANDARD = "gnu++14";
				CLANG_CXX_LIBRARY = "libc++";
				CLANG_ENABLE_MODULES = YES;
				CLANG_ENABLE_OBJC_ARC = YES;
				CLANG_ENABLE_OBJC_WEAK = YES;
				CLANG_WARN_BLOCK_CAPTURE_AUTORELEASING = YES;
				CLANG_WARN_BOOL_CONVERSION = YES;
				CLANG_WARN_COMMA = YES;
				CLANG_WARN_CONSTANT_CONVERSION = YES;
				CLANG_WARN_DEPRECATED_OBJC_IMPLEMENTATIONS = YES;
				CLANG_WARN_DIRECT_OBJC_ISA_USAGE = YES_ERROR;
				CLANG_WARN_DOCUMENTATION_COMMENTS = YES;
				CLANG_WARN_EMPTY_BODY = YES;
				CLANG_WARN_ENUM_CONVERSION = YES;
				CLANG_WARN_INFINITE_RECURSION = YES;
				CLANG_WARN_INT_CONVERSION = YES;
				CLANG_WARN_NON_LITERAL_NULL_CONVERSION = YES;
				CLANG_WARN_OBJC_IMPLICIT_RETAIN_SELF = YES;
				CLANG_WARN_OBJC_LITERAL_CONVERSION = YES;
				CLANG_WARN_OBJC_ROOT_CLASS = YES_ERROR;
				CLANG_WARN_RANGE_LOOP_ANALYSIS = YES;
				CLANG_WARN_STRICT_PROTOTYPES = YES;
				CLANG_WARN_SUSPICIOUS_MOVE = YES;
				CLANG_WARN_UNGUARDED_AVAILABILITY = YES_AGGRESSIVE;
				CLANG_WARN_UNREACHABLE_CODE = YES;
				CLANG_WARN__DUPLICATE_METHOD_MATCH = YES;
				CODE_SIGN_IDENTITY = "iPhone Developer";
				COPY_PHASE_STRIP = NO;
				DEBUG_INFORMATION_FORMAT = "dwarf-with-dsym";
				ENABLE_NS_ASSERTIONS = NO;
				ENABLE_STRICT_OBJC_MSGSEND = YES;
				GCC_C_LANGUAGE_STANDARD = gnu11;
				GCC_NO_COMMON_BLOCKS = YES;
				GCC_WARN_64_TO_32_BIT_CONVERSION = YES;
				GCC_WARN_ABOUT_RETURN_TYPE = YES_ERROR;
				GCC_WARN_UNDECLARED_SELECTOR = YES;
				GCC_WARN_UNINITIALIZED_AUTOS = YES_AGGRESSIVE;
				GCC_WARN_UNUSED_FUNCTION = YES;
				GCC_WARN_UNUSED_VARIABLE = YES;
				IPHONEOS_DEPLOYMENT_TARGET = 12.0;
				MTL_ENABLE_DEBUG_INFO = NO;
				MTL_FAST_MATH = YES;
				SDKROOT = iphoneos;
				SWIFT_COMPILATION_MODE = wholemodule;
				SWIFT_OPTIMIZATION_LEVEL = "-O";
				VALIDATE_PRODUCT = YES;
			};
			name = Release;
		};
		C9549ED2217508B00005023B /* Debug */ = {
			isa = XCBuildConfiguration;
			buildSettings = {
				ASSETCATALOG_COMPILER_APPICON_NAME = AppIcon;
				CODE_SIGN_STYLE = Automatic;
				INFOPLIST_FILE = VideoGameLibraryiOS/Info.plist;
				LD_RUNPATH_SEARCH_PATHS = (
					"$(inherited)",
					"@executable_path/Frameworks",
				);
				PRODUCT_BUNDLE_IDENTIFIER = com.interaptskills.VideoGameLibraryiOS;
				PRODUCT_NAME = "$(TARGET_NAME)";
				SWIFT_VERSION = 4.2;
				TARGETED_DEVICE_FAMILY = "1,2";
			};
			name = Debug;
		};
		C9549ED3217508B00005023B /* Release */ = {
			isa = XCBuildConfiguration;
			buildSettings = {
				ASSETCATALOG_COMPILER_APPICON_NAME = AppIcon;
				CODE_SIGN_STYLE = Automatic;
				INFOPLIST_FILE = VideoGameLibraryiOS/Info.plist;
				LD_RUNPATH_SEARCH_PATHS = (
					"$(inherited)",
					"@executable_path/Frameworks",
				);
				PRODUCT_BUNDLE_IDENTIFIER = com.interaptskills.VideoGameLibraryiOS;
				PRODUCT_NAME = "$(TARGET_NAME)";
				SWIFT_VERSION = 4.2;
				TARGETED_DEVICE_FAMILY = "1,2";
			};
			name = Release;
		};
/* End XCBuildConfiguration section */

/* Begin XCConfigurationList section */
		C9549EBA217508AF0005023B /* Build configuration list for PBXProject "VideoGameLibraryiOS" */ = {
			isa = XCConfigurationList;
			buildConfigurations = (
				C9549ECF217508B00005023B /* Debug */,
				C9549ED0217508B00005023B /* Release */,
			);
			defaultConfigurationIsVisible = 0;
			defaultConfigurationName = Release;
		};
		C9549ED1217508B00005023B /* Build configuration list for PBXNativeTarget "VideoGameLibraryiOS" */ = {
			isa = XCConfigurationList;
			buildConfigurations = (
				C9549ED2217508B00005023B /* Debug */,
				C9549ED3217508B00005023B /* Release */,
			);
			defaultConfigurationIsVisible = 0;
			defaultConfigurationName = Release;
		};
/* End XCConfigurationList section */
	};
	rootObject = C9549EB7217508AF0005023B /* Project object */;
}
